{
  "name": "svg-textures",
  "version": "1.0.1",
  "lockfileVersion": 1,
  "requires": true,
  "dependencies": {
    "velements": {
      "version": "1.0.1",
      "resolved": "https://registry.npmjs.org/velements/-/velements-1.0.1.tgz",
      "integrity": "sha512-9f1ju4xF0V1Guh3HUJB9QMOop1/FdZxOjw0YJrX+fJqoSXjykJMV8OHnZVJJr/B2jDvdPaIw4Jqw7sIu/UN6Qw=="
    }
  }
}
